
Microsoft Visual Studio Solution File, Format Version 12.00
# Visual Studio Version 17
VisualStudioVersion = 17.11.35219.272
MinimumVisualStudioVersion = 10.0.40219.1
Project("{FAE04EC0-301F-11D3-BF4B-00C04F79EFBC}") = "RazorPagesMovie", "RazorPagesMovie\RazorPagesMovie.csproj", "{9ED13EDA-5556-48CF-8326-A9E9A8D66390}"
EndProject
Global
	GlobalSection(SolutionConfigurationPlatforms) = preSolution
		Debug|Any CPU = Debug|Any CPU
		Release|Any CPU = Release|Any CPU
	EndGlobalSection
	GlobalSection(ProjectConfigurationPlatforms) = postSolution
		{9ED13EDA-5556-48CF-8326-A9E9A8D66390}.Debug|Any CPU.ActiveCfg = Debug|Any CPU
		{9ED13EDA-5556-48CF-8326-A9E9A8D66390}.Debug|Any CPU.Build.0 = Debug|Any CPU
		{9ED13EDA-5556-48CF-8326-A9E9A8D66390}.Release|Any CPU.ActiveCfg = Release|Any CPU
		{9ED13EDA-5556-48CF-8326-A9E9A8D66390}.Release|Any CPU.Build.0 = Release|Any CPU
	EndGlobalSection
	GlobalSection(SolutionProperties) = preSolution
		HideSolutionNode = FALSE
	EndGlobalSection
	GlobalSection(ExtensibilityGlobals) = postSolution
		SolutionGuid = {1938A74B-0D15-4616-8853-2733490FF622}
	EndGlobalSection
EndGlobal
